
Microsoft Visual Studio Solution File, Format Version 12.00
# Visual Studio Version 16
VisualStudioVersion = 16.0.32630.194
MinimumVisualStudioVersion = 10.0.40219.1
Project("{FAE04EC0-301F-11D3-BF4B-00C04F79EFBC}") = "AutomationtestAPIs", "AutomationtestAPIs.csproj", "{180369FE-A5A0-4A97-9B6E-AE336A287300}"
EndProject
Global
	GlobalSection(SolutionConfigurationPlatforms) = preSolution
		Debug|Any CPU = Debug|Any CPU
		Release|Any CPU = Release|Any CPU
	EndGlobalSection
	GlobalSection(ProjectConfigurationPlatforms) = postSolution
		{180369FE-A5A0-4A97-9B6E-AE336A287300}.Debug|Any CPU.ActiveCfg = Debug|Any CPU
		{180369FE-A5A0-4A97-9B6E-AE336A287300}.Debug|Any CPU.Build.0 = Debug|Any CPU
		{180369FE-A5A0-4A97-9B6E-AE336A287300}.Release|Any CPU.ActiveCfg = Release|Any CPU
		{180369FE-A5A0-4A97-9B6E-AE336A287300}.Release|Any CPU.Build.0 = Release|Any CPU
	EndGlobalSection
	GlobalSection(SolutionProperties) = preSolution
		HideSolutionNode = FALSE
	EndGlobalSection
	GlobalSection(ExtensibilityGlobals) = postSolution
		SolutionGuid = {31F665BD-6A88-4789-9F5F-B07CF60210CF}
	EndGlobalSection
EndGlobal
